<?xml version="1.0" encoding="utf-8"?>
<Project ToolsVersion="4.0" xmlns="http://schemas.microsoft.com/developer/msbuild/2003">
  <ItemGroup>
    <Filter Include="Source Files">
      <UniqueIdentifier>{4FC737F1-C7A5-4376-A066-2A32D752A2FF}</UniqueIdentifier>
      <Extensions>cpp;c;cc;cxx;def;odl;idl;hpj;bat;asm;asmx</Extensions>
    </Filter>
    <Filter Include="Header Files">
      <UniqueIdentifier>{93995380-89BD-4b04-88EB-625FBE52EBFB}</UniqueIdentifier>
      <Extensions>h;hh;hpp;hxx;hm;inl;inc;xsd</Extensions>
    </Filter>
    <Filter Include="Resource Files">
      <UniqueIdentifier>{67DA6AB6-F800-4c08-8B7A-83BB121AAD01}</UniqueIdentifier>
      <Extensions>rc;ico;cur;bmp;dlg;rc2;rct;bin;rgs;gif;jpg;jpeg;jpe;resx;tiff;tif;png;wav;mfcribbon-ms</Extensions>
    </Filter>
    <Filter Include="Application_Code">
      <UniqueIdentifier>{8772ce27-31df-4b45-b726-3601811230d3}</UniqueIdentifier>
    </Filter>
    <Filter Include="Hardware">
      <UniqueIdentifier>{2567c5cb-54f0-44b9-8ac1-40c573dd19c5}</UniqueIdentifier>
    </Filter>
    <Filter Include="My_Debug">
      <UniqueIdentifier>{27885962-effc-44ac-a8ef-da6b96251603}</UniqueIdentifier>
    </Filter>
    <Filter Include="My_Include">
      <UniqueIdentifier>{4c9a9c4c-9f86-4e00-a760-4140d27fc320}</UniqueIdentifier>
    </Filter>
    <Filter Include="My_Library">
      <UniqueIdentifier>{c2bc8d2c-f35d-43ec-8233-054fa626cdec}</UniqueIdentifier>
    </Filter>
    <Filter Include="Application_Code\Application_Erog">
      <UniqueIdentifier>{c3856578-75fb-4189-9686-48f0cd1580d4}</UniqueIdentifier>
    </Filter>
    <Filter Include="Application_Code\Application_Init">
      <UniqueIdentifier>{c3087fcc-1c42-4ed8-ba03-8cf16b8da3a6}</UniqueIdentifier>
    </Filter>
    <Filter Include="Application_Code\Application_Main">
      <UniqueIdentifier>{e5609712-7729-429e-94ec-226a34bee8bc}</UniqueIdentifier>
    </Filter>
    <Filter Include="Application_Code\Application_Motor">
      <UniqueIdentifier>{038d6c29-382f-4b75-b086-51a81208d4af}</UniqueIdentifier>
    </Filter>
    <Filter Include="Application_Code\Application_Server">
      <UniqueIdentifier>{8f3a85ea-f030-43f0-ad5c-6b75c48413f3}</UniqueIdentifier>
    </Filter>
    <Filter Include="Application_Code\Application_Utility">
      <UniqueIdentifier>{294973b1-7f6f-4870-8963-503d2f427080}</UniqueIdentifier>
    </Filter>
    <Filter Include="Hardware\CPU_core">
      <UniqueIdentifier>{677e949f-57b5-42ba-91e2-b1ab7e6010fe}</UniqueIdentifier>
    </Filter>
    <Filter Include="Hardware\Gestione_Display">
      <UniqueIdentifier>{30684749-404b-489c-9157-6ab2ef20e9d4}</UniqueIdentifier>
    </Filter>
    <Filter Include="Hardware\Gestione_IO">
      <UniqueIdentifier>{e01d33ad-0007-41bc-a260-2a726375566d}</UniqueIdentifier>
    </Filter>
    <Filter Include="Hardware\Gestione_motore">
      <UniqueIdentifier>{846345da-646b-4980-bf55-c3126c740823}</UniqueIdentifier>
    </Filter>
    <Filter Include="Hardware\Gestione_RTC">
      <UniqueIdentifier>{c85efde9-6123-4bd0-a0f4-f452b04203be}</UniqueIdentifier>
    </Filter>
    <Filter Include="Hardware\Gestione_seriali">
      <UniqueIdentifier>{cd85ee77-b855-4034-9c85-d23c424a9054}</UniqueIdentifier>
    </Filter>
    <Filter Include="My_Debug\Debug_Serial">
      <UniqueIdentifier>{7a24caa3-0542-471b-9ed6-17d11e82fd64}</UniqueIdentifier>
    </Filter>
    <Filter Include="My_Debug\Debug_Utility">
      <UniqueIdentifier>{9298a2df-3685-4f58-8aea-ac48de119585}</UniqueIdentifier>
    </Filter>
    <Filter Include="My_Library\Connessione">
      <UniqueIdentifier>{50d025b2-ff95-4d78-ba93-81554fac982b}</UniqueIdentifier>
    </Filter>
    <Filter Include="My_Library\EEPROM">
      <UniqueIdentifier>{616dd800-d596-4ca7-9bd4-3312d69155ab}</UniqueIdentifier>
    </Filter>
    <Filter Include="My_Library\FSM">
      <UniqueIdentifier>{854d8b8d-b3ef-4dc0-968c-2b03edd034c9}</UniqueIdentifier>
    </Filter>
    <Filter Include="My_Library\LCD">
      <UniqueIdentifier>{69e58810-a432-4325-aae9-18b5fdfb3881}</UniqueIdentifier>
    </Filter>
    <Filter Include="My_Library\PLC">
      <UniqueIdentifier>{cf217cec-3111-49a1-904b-574dec62d57e}</UniqueIdentifier>
    </Filter>
    <Filter Include="My_Library\RTC">
      <UniqueIdentifier>{89a1b423-c87e-4a22-8e85-c98f3c29711a}</UniqueIdentifier>
    </Filter>
    <Filter Include="My_Library\SD">
      <UniqueIdentifier>{6ccba0f7-07d7-492f-b31e-804875b44c3e}</UniqueIdentifier>
    </Filter>
    <Filter Include="My_Library\Utilities">
      <UniqueIdentifier>{a9018475-89e8-40bd-aa5d-f615b01aa379}</UniqueIdentifier>
    </Filter>
    <Filter Include="Hardware\Badge">
      <UniqueIdentifier>{15064557-5b3d-4ca8-b084-096e1cd82ca5}</UniqueIdentifier>
    </Filter>
    <Filter Include="Hardware\Special">
      <UniqueIdentifier>{dd7373ba-7648-4bc8-a123-1044b550cddb}</UniqueIdentifier>
    </Filter>
    <Filter Include="Application_Code\Application_Logica">
      <UniqueIdentifier>{f0201544-fe7f-419c-a428-ed0ed2e51511}</UniqueIdentifier>
    </Filter>
  </ItemGroup>
  <ItemGroup>
    <None Include="Player_Template.ino" />
  </ItemGroup>
  <ItemGroup>
    <ClInclude Include="__vm\.Player_Template.vsarduino.h">
      <Filter>Application_Code</Filter>
    </ClInclude>
    <ClInclude Include="Application_Code\Application_Erog\appl_badge.h">
      <Filter>Application_Code\Application_Erog</Filter>
    </ClInclude>
    <ClInclude Include="Application_Code\Application_Erog\appl_erog.h">
      <Filter>Application_Code\Application_Erog</Filter>
    </ClInclude>
    <ClInclude Include="Application_Code\Application_Init\appl_init.h">
      <Filter>Application_Code\Application_Init</Filter>
    </ClInclude>
    <ClInclude Include="Application_Code\Application_Main\appl_main.h">
      <Filter>Application_Code\Application_Main</Filter>
    </ClInclude>
    <ClInclude Include="Application_Code\Application_Motor\appl_motor.h">
      <Filter>Application_Code\Application_Motor</Filter>
    </ClInclude>
    <ClInclude Include="Application_Code\Application_Server\appl_server.h">
      <Filter>Application_Code\Application_Server</Filter>
    </ClInclude>
    <ClInclude Include="Application_Code\Application_Server\server_utility.h">
      <Filter>Application_Code\Application_Server</Filter>
    </ClInclude>
    <ClInclude Include="Application_Code\Application_Utility\appl_utility.h">
      <Filter>Application_Code\Application_Utility</Filter>
    </ClInclude>
    <ClInclude Include="Hardware\CPU_core\timing.h">
      <Filter>Hardware\CPU_core</Filter>
    </ClInclude>
    <ClInclude Include="Hardware\Gestione_display\gestione_LCD.h">
      <Filter>Hardware\Gestione_Display</Filter>
    </ClInclude>
    <ClInclude Include="Hardware\Gestione_IO\gestione_io.h">
      <Filter>Hardware\Gestione_IO</Filter>
    </ClInclude>
    <ClInclude Include="Hardware\Gestione_IO\GPIO_define_mod.h">
      <Filter>Hardware\Gestione_IO</Filter>
    </ClInclude>
    <ClInclude Include="Hardware\Gestione_motore\gestione_motore_nodenti.h">
      <Filter>Hardware\Gestione_motore</Filter>
    </ClInclude>
    <ClInclude Include="Hardware\Gestione_RTC\gestione_RTC.h">
      <Filter>Hardware\Gestione_RTC</Filter>
    </ClInclude>
    <ClInclude Include="Hardware\Gestione_seriali\serial_init.h">
      <Filter>Hardware\Gestione_seriali</Filter>
    </ClInclude>
    <ClInclude Include="My_Debug\Debug_Serial\debug_serial.h">
      <Filter>My_Debug\Debug_Serial</Filter>
    </ClInclude>
    <ClInclude Include="My_Debug\Debug_Utility\debug_utility.h">
      <Filter>My_Debug\Debug_Utility</Filter>
    </ClInclude>
    <ClInclude Include="My_Include\global_define.h">
      <Filter>My_Include</Filter>
    </ClInclude>
    <ClInclude Include="My_Include\my_time.h">
      <Filter>My_Include</Filter>
    </ClInclude>
    <ClInclude Include="My_Include\mydef.h">
      <Filter>My_Include</Filter>
    </ClInclude>
    <ClInclude Include="My_Library\Connessione\Ethernet_template.h">
      <Filter>My_Library\Connessione</Filter>
    </ClInclude>
    <ClInclude Include="My_Library\EEPROM\EEPROM_template.h">
      <Filter>My_Library\EEPROM</Filter>
    </ClInclude>
    <ClInclude Include="My_Library\FSM\FSM_template.h">
      <Filter>My_Library\FSM</Filter>
    </ClInclude>
    <ClInclude Include="My_Library\LCD\LCD_template.h">
      <Filter>My_Library\LCD</Filter>
    </ClInclude>
    <ClInclude Include="My_Library\Utilities\AVR_API.h">
      <Filter>My_Library\Utilities</Filter>
    </ClInclude>
    <ClInclude Include="My_Library\SD\config_define.h">
      <Filter>My_Library\SD</Filter>
    </ClInclude>
    <ClInclude Include="My_Library\SD\SD_template.h">
      <Filter>My_Library\SD</Filter>
    </ClInclude>
    <ClInclude Include="My_Library\RTC\RTC_template.h">
      <Filter>My_Library\RTC</Filter>
    </ClInclude>
    <ClInclude Include="My_Library\PLC\PLC_define.h">
      <Filter>My_Library\PLC</Filter>
    </ClInclude>
    <ClInclude Include="debug_opzion.h">
      <Filter>Header Files</Filter>
    </ClInclude>
    <ClInclude Include="IO_mapping.h">
      <Filter>Header Files</Filter>
    </ClInclude>
    <ClInclude Include="project_def.h">
      <Filter>Header Files</Filter>
    </ClInclude>
    <ClInclude Include="player_header.h">
      <Filter>Header Files</Filter>
    </ClInclude>
    <ClInclude Include="Hardware\Badge\gestione_badge.h">
      <Filter>Hardware\Badge</Filter>
    </ClInclude>
    <ClInclude Include="Hardware\Special\hi_speed_input.h">
      <Filter>Hardware\Special</Filter>
    </ClInclude>
    <ClInclude Include="Application_Code\Application_Logica\appl_logica.h">
      <Filter>Application_Code\Application_Logica</Filter>
    </ClInclude>
  </ItemGroup>
  <ItemGroup>
    <ClCompile Include="Application_Code\Application_Erog\appl_badge.cpp">
      <Filter>Application_Code\Application_Erog</Filter>
    </ClCompile>
    <ClCompile Include="Application_Code\Application_Erog\appl_erog.cpp">
      <Filter>Application_Code\Application_Erog</Filter>
    </ClCompile>
    <ClCompile Include="Application_Code\Application_Init\appl_init.cpp">
      <Filter>Application_Code\Application_Init</Filter>
    </ClCompile>
    <ClCompile Include="Application_Code\Application_Main\appl_main.cpp">
      <Filter>Application_Code\Application_Main</Filter>
    </ClCompile>
    <ClCompile Include="Application_Code\Application_Motor\appl_motor.cpp">
      <Filter>Application_Code\Application_Motor</Filter>
    </ClCompile>
    <ClCompile Include="Application_Code\Application_Server\appl_server.cpp">
      <Filter>Application_Code\Application_Server</Filter>
    </ClCompile>
    <ClCompile Include="Application_Code\Application_Server\server_utility.cpp">
      <Filter>Application_Code\Application_Server</Filter>
    </ClCompile>
    <ClCompile Include="Application_Code\Application_Utility\appl_utility.cpp">
      <Filter>Application_Code\Application_Utility</Filter>
    </ClCompile>
    <ClCompile Include="Hardware\CPU_core\timing.cpp">
      <Filter>Hardware\CPU_core</Filter>
    </ClCompile>
    <ClCompile Include="Hardware\Gestione_display\gestione_LCD.cpp">
      <Filter>Hardware\Gestione_Display</Filter>
    </ClCompile>
    <ClCompile Include="Hardware\Gestione_IO\gestione_io.cpp">
      <Filter>Hardware\Gestione_IO</Filter>
    </ClCompile>
    <ClCompile Include="Hardware\Gestione_motore\gestione_motore_nodenti.cpp">
      <Filter>Hardware\Gestione_motore</Filter>
    </ClCompile>
    <ClCompile Include="Hardware\Gestione_RTC\gestione_RTC.cpp">
      <Filter>Hardware\Gestione_RTC</Filter>
    </ClCompile>
    <ClCompile Include="Hardware\Gestione_seriali\serial_init.cpp">
      <Filter>Hardware\Gestione_seriali</Filter>
    </ClCompile>
    <ClCompile Include="My_Debug\Debug_Serial\debug_serial.cpp">
      <Filter>My_Debug\Debug_Serial</Filter>
    </ClCompile>
    <ClCompile Include="My_Debug\Debug_Utility\debug_utility.cpp">
      <Filter>My_Debug\Debug_Utility</Filter>
    </ClCompile>
    <ClCompile Include="My_Library\Connessione\Ethernet_template.cpp">
      <Filter>My_Library\Connessione</Filter>
    </ClCompile>
    <ClCompile Include="My_Library\EEPROM\EEPROM_template.cpp">
      <Filter>My_Library\EEPROM</Filter>
    </ClCompile>
    <ClCompile Include="My_Library\FSM\FSM_template.cpp">
      <Filter>My_Library\FSM</Filter>
    </ClCompile>
    <ClCompile Include="My_Library\LCD\LCD_template.cpp">
      <Filter>My_Library\LCD</Filter>
    </ClCompile>
    <ClCompile Include="My_Library\Utilities\AVR_API.cpp">
      <Filter>My_Library\Utilities</Filter>
    </ClCompile>
    <ClCompile Include="My_Library\SD\SD_template.cpp">
      <Filter>My_Library\SD</Filter>
    </ClCompile>
    <ClCompile Include="My_Library\RTC\RTC_template.cpp">
      <Filter>My_Library\RTC</Filter>
    </ClCompile>
    <ClCompile Include="Hardware\Badge\gestione_badge.cpp">
      <Filter>Hardware\Badge</Filter>
    </ClCompile>
    <ClCompile Include="Hardware\Special\hi_speed_input.cpp">
      <Filter>Hardware\Special</Filter>
    </ClCompile>
    <ClCompile Include="Application_Code\Application_Logica\appl_logica.cpp">
      <Filter>Application_Code\Application_Logica</Filter>
    </ClCompile>
  </ItemGroup>
</Project>